{
  "name": "@alexislours/optimage",
  "version": "0.1.2",
  "lockfileVersion": 3,
  "requires": true,
  "packages": {
    "": {
      "name": "@alexislours/optimage",
      "version": "0.1.2",
      "hasInstallScript": true,
      "license": "MIT",
      "devDependencies": {
        "@types/node": "^18.14.0",
        "cargo-cp-artifact": "^0.1"
      }
    },
    "node_modules/@types/node": {
      "version": "18.14.0",
      "resolved": "https://registry.npmjs.org/@types/node/-/node-18.14.0.tgz",
      "integrity": "sha512-5EWrvLmglK+imbCJY0+INViFWUHg1AHel1sq4ZVSfdcNqGy9Edv3UB9IIzzg+xPaUcAgZYcfVs2fBcwDeZzU0A==",
      "dev": true
    },
    "node_modules/cargo-cp-artifact": {
      "version": "0.1.7",
      "resolved": "https://registry.npmjs.org/cargo-cp-artifact/-/cargo-cp-artifact-0.1.7.tgz",
      "integrity": "sha512-pxEV9p1on8vu3BOKstVisF9TwMyGKCBRvzaVpQHuU2sLULCKrn3MJWx/4XlNzmG6xNCTPf78DJ7WCGgr2mOzjg==",
      "dev": true,
      "bin": {
        "cargo-cp-artifact": "bin/cargo-cp-artifact.js"
      }
    }
  }
}
